
Microsoft Visual Studio Solution File, Format Version 12.00
# Visual Studio Version 17
VisualStudioVersion = 17.0.32112.339
MinimumVisualStudioVersion = 10.0.40219.1
Project("{FAE04EC0-301F-11D3-BF4B-00C04F79EFBC}") = "GameLauncher", "GameLauncher\GameLauncher.csproj", "{C5A5E360-72ED-453B-B008-A64DDB1706F9}"
EndProject
Global
	GlobalSection(SolutionConfigurationPlatforms) = preSolution
		Debug|Any CPU = Debug|Any CPU
		Release|Any CPU = Release|Any CPU
	EndGlobalSection
	GlobalSection(ProjectConfigurationPlatforms) = postSolution
		{C5A5E360-72ED-453B-B008-A64DDB1706F9}.Debug|Any CPU.ActiveCfg = Debug|Any CPU
		{C5A5E360-72ED-453B-B008-A64DDB1706F9}.Debug|Any CPU.Build.0 = Debug|Any CPU
		{C5A5E360-72ED-453B-B008-A64DDB1706F9}.Release|Any CPU.ActiveCfg = Release|Any CPU
		{C5A5E360-72ED-453B-B008-A64DDB1706F9}.Release|Any CPU.Build.0 = Release|Any CPU
	EndGlobalSection
	GlobalSection(SolutionProperties) = preSolution
		HideSolutionNode = FALSE
	EndGlobalSection
	GlobalSection(ExtensibilityGlobals) = postSolution
		SolutionGuid = {642DA713-F458-46DA-9A94-D3002957F9AE}
	EndGlobalSection
EndGlobal
